{
  "version": 4,
  "terraform_version": "0.12.18",
  "serial": 8,
  "lineage": "43508ac8-4ab3-b2cd-177a-f484b51d3649",
  "outputs": {
    "pip-fqdn": {
      "value": "dj-jenkins-sn.westeurope.cloudapp.azure.com",
      "type": "string"
    },
    "pip-ip": {
      "value": "13.80.248.95",
      "type": "string"
    }
  },
  "resources": [
    {
      "mode": "managed",
      "type": "azurerm_network_interface",
      "name": "nic",
      "provider": "provider.azurerm",
      "instances": [
        {
          "schema_version": 0,
          "attributes": {
            "applied_dns_servers": [],
            "dns_servers": [],
            "enable_accelerated_networking": false,
            "enable_ip_forwarding": false,
            "id": "/subscriptions/ac658ff9-95d0-4719-9f1f-58c5554960c9/resourceGroups/dj-jenkins-rg/providers/Microsoft.Network/networkInterfaces/dj-jenkins-nic",
            "internal_dns_name_label": "",
            "internal_fqdn": "",
            "ip_configuration": [
              {
                "application_gateway_backend_address_pools_ids": [],
                "application_security_group_ids": [],
                "load_balancer_backend_address_pools_ids": [],
                "load_balancer_inbound_nat_rules_ids": [],
                "name": "myNIC_Config",
                "primary": true,
                "private_ip_address": "10.3.0.7",
                "private_ip_address_allocation": "static",
                "private_ip_address_version": "IPv4",
                "public_ip_address_id": "/subscriptions/ac658ff9-95d0-4719-9f1f-58c5554960c9/resourceGroups/dj-jenkins-rg/providers/Microsoft.Network/publicIPAddresses/dj-jenkins-pip",
                "subnet_id": "/subscriptions/ac658ff9-95d0-4719-9f1f-58c5554960c9/resourceGroups/dj-jenkins-rg/providers/Microsoft.Network/virtualNetworks/dj-jenkins-vnet/subnets/subnet01"
              }
            ],
            "location": "westeurope",
            "mac_address": "",
            "name": "dj-jenkins-nic",
            "network_security_group_id": "",
            "private_ip_address": "10.3.0.7",
            "private_ip_addresses": [
              "10.3.0.7"
            ],
            "resource_group_name": "dj-jenkins-rg",
            "tags": {},
            "virtual_machine_id": null
          },
          "private": "bnVsbA==",
          "dependencies": [
            "azurerm_public_ip.pip",
            "azurerm_resource_group.rg",
            "azurerm_subnet.subnet"
          ]
        }
      ]
    },
    {
      "mode": "managed",
      "type": "azurerm_public_ip",
      "name": "pip",
      "provider": "provider.azurerm",
      "instances": [
        {
          "schema_version": 0,
          "attributes": {
            "allocation_method": "Static",
            "domain_name_label": "dj-jenkins-sn",
            "fqdn": "dj-jenkins-sn.westeurope.cloudapp.azure.com",
            "id": "/subscriptions/ac658ff9-95d0-4719-9f1f-58c5554960c9/resourceGroups/dj-jenkins-rg/providers/Microsoft.Network/publicIPAddresses/dj-jenkins-pip",
            "idle_timeout_in_minutes": 4,
            "ip_address": "13.80.248.95",
            "ip_version": "IPv4",
            "location": "westeurope",
            "name": "dj-jenkins-pip",
            "public_ip_address_allocation": "Static",
            "public_ip_prefix_id": null,
            "resource_group_name": "dj-jenkins-rg",
            "reverse_fqdn": "",
            "sku": "Basic",
            "tags": {},
            "zones": []
          },
          "private": "bnVsbA==",
          "dependencies": [
            "azurerm_resource_group.rg"
          ]
        }
      ]
    },
    {
      "mode": "managed",
      "type": "azurerm_resource_group",
      "name": "rg",
      "provider": "provider.azurerm",
      "instances": [
        {
          "schema_version": 0,
          "attributes": {
            "id": "/subscriptions/ac658ff9-95d0-4719-9f1f-58c5554960c9/resourceGroups/dj-jenkins-rg",
            "location": "westeurope",
            "name": "dj-jenkins-rg",
            "tags": {}
          },
          "private": "bnVsbA=="
        }
      ]
    },
    {
      "mode": "managed",
      "type": "azurerm_subnet",
      "name": "subnet",
      "provider": "provider.azurerm",
      "instances": [
        {
          "schema_version": 0,
          "attributes": {
            "address_prefix": "10.3.0.0/24",
            "delegation": [],
            "enforce_private_link_endpoint_network_policies": false,
            "enforce_private_link_service_network_policies": false,
            "id": "/subscriptions/ac658ff9-95d0-4719-9f1f-58c5554960c9/resourceGroups/dj-jenkins-rg/providers/Microsoft.Network/virtualNetworks/dj-jenkins-vnet/subnets/subnet01",
            "ip_configurations": [
              "/subscriptions/ac658ff9-95d0-4719-9f1f-58c5554960c9/resourceGroups/dj-jenkins-rg/providers/Microsoft.Network/networkInterfaces/dj-jenkins-nic/ipConfigurations/myNIC_Config"
            ],
            "name": "subnet01",
            "network_security_group_id": "",
            "resource_group_name": "dj-jenkins-rg",
            "route_table_id": "",
            "service_endpoints": [],
            "virtual_network_name": "dj-jenkins-vnet"
          },
          "private": "bnVsbA==",
          "dependencies": [
            "azurerm_resource_group.rg",
            "azurerm_virtual_network.vnet"
          ]
        }
      ]
    },
    {
      "mode": "managed",
      "type": "azurerm_virtual_network",
      "name": "vnet",
      "provider": "provider.azurerm",
      "instances": [
        {
          "schema_version": 0,
          "attributes": {
            "address_space": [
              "10.3.0.0/16"
            ],
            "ddos_protection_plan": [],
            "dns_servers": [],
            "id": "/subscriptions/ac658ff9-95d0-4719-9f1f-58c5554960c9/resourceGroups/dj-jenkins-rg/providers/Microsoft.Network/virtualNetworks/dj-jenkins-vnet",
            "location": "westeurope",
            "name": "dj-jenkins-vnet",
            "resource_group_name": "dj-jenkins-rg",
            "subnet": [
              {
                "address_prefix": "10.3.0.0/24",
                "id": "/subscriptions/ac658ff9-95d0-4719-9f1f-58c5554960c9/resourceGroups/dj-jenkins-rg/providers/Microsoft.Network/virtualNetworks/dj-jenkins-vnet/subnets/subnet01",
                "name": "subnet01",
                "security_group": ""
              }
            ],
            "tags": {}
          },
          "private": "bnVsbA==",
          "dependencies": [
            "azurerm_resource_group.rg"
          ]
        }
      ]
    }
  ]
}
